{
  "version": 4,
  "terraform_version": "1.1.6",
  "serial": 69,
  "lineage": "a54d1784-6728-67c2-fa57-44657e3cbafc",
  "outputs": {
    "azs": {
      "value": [
        "us-east-1a",
        "us-east-1b",
        "us-east-1c",
        "us-east-1d",
        "us-east-1e",
        "us-east-1f"
      ],
      "type": [
        "list",
        "string"
      ]
    },
    "private_key": {
      "value": "-----BEGIN RSA PRIVATE KEY-----\nMIIJKAIBAAKCAgEA52XwXTRnfZUETSEYIPD0lxvfDNGgipB3ScdEVuOrtzxjJcnN\n/1NIsTLXntOQ4nPTHDWm3l7Y2p7z1YH8IvvBYubwYJ0cQT+bZGABUWuNWCS/bJNG\nLVUs7olDr2nmqqTMixiH0/YVrUs6F6EeHo5vKcUejgJRwaiVSfGUBf3xM93QY8JW\nTETkRWUKwFeyTNq6+KL7M9NxuwEWA8YeitVlUGjoorJ4OZn9HeXXCmmwZR61VPav\nGQan71mT9JZNzZPbynmt5p0zNX/tJnVrAPRPGb8n/uHtG/ocNNaPRmuUeUN/QC6v\nbKcgFwLJnbMs4uX4IwUXaP0FIMfCvEqT6HolW3Zikp4UwEQLSZPR+pDP9+wwYs7a\na/aoKgWonDkBBUNkFl1FPLLm3iCfICm9vY4ZYTTsgNQgMQcK7IjHlyVAQM5NjzgZ\naeY9Fp5nC8VQsP+qV3T7fkIDAc6qY0mr2SN3u4Z3qPkTSDRKZfRaIe1Y6kwMKd2/\nT2Bndt1zEQmQqO6pyyNlXot5CJoEXmfVF4z7TnI+UDxE0cRtxp/+S9pyi4dQ+8US\niY7bewFBOgUagFdBRDERn7CVx7ppsYVxfpMpJyAAP+qbeakzHNpb2NT/YNNA5pEv\naEUWn7JaXFiASv6nNn7IXeJOYyb7NhCNH2nYobvNdbWkHlTLUQr7lKb1uBsCAwEA\nAQKCAgBYr8tGDbW0fg6d+RckWPWFjNsaMKXVNbVig4r/ulav7ecaLpRTTXpI3/Gg\nH/ohsL6yyyVfiP6YG9/cbutSBSeDXnu2q8COiXBnMhyPNieAJuVvGasF6OVFrzpP\n2sjbkjoK/aXhaSm5t2FWeRvwHisg2Tnyt5TaImDFbF+NRFzTwioCchNdO/I5XpaW\nTYY6yoJqlRyuKlYmlC352E8QauVfwjWXVcuaWBiZAuQ+S2+d8f0RyVImx1RJ+g0o\n6wp6xjaxDZ3HC2z7DkK4QLx4Kyq99XPAzppv5JY28h0LomPPbj0xPjNh81PrPdhE\nJs4HUJif422rgX4bqDRMslCqA1aZUs/Ccsjsc5qTImeP042MDkkJDx9NuVBkjvIL\n/zOYW37OunikDxC1+YCWiGzhBt10SK6AartGE1nDdFXAp7v20XRktTb1CfOoXOfT\nw0zk9vCCgmqBEVHIMMSepwlll9vpjP8J8Yg6w3Tj/oTty5h2l8zRFOL8HI6JlV+C\neZq+txNueraWjEA2K2ehVw4p8pEDVIuerPiMcGaNsS6MCZ4LSvVcrzlFr3RThT2E\noyv56yXfK8IWc1mIbxc8OMTQ+Hh1hoxJU2RM2wy7EF6ukkgR3oORXFw1CLdZg6Qt\nOfEY08CPt+6bYanZXwA8tvwv+hr2gb+V4hC7OCTCXHgr6n0GQQKCAQEA+aL6I2H+\nssmL8+WUiVBgN2tAsrlaAh5pUJwJ3z8+OjQQY4gZ+PnYijvEkyQIMombPwpePE0K\nCnVQ9n9OH+kIlwwQ0k4iVOCtv5GBZRN4k0LeuJekvignTmkO/Q4AViabUa7uYeG/\n/BXNBDXYYTXh1PHq7yg2dclV7EGZn71x7TfHe89UjwBo9+BHa3xiIgS1ObDOikGP\nRgzTLEYYsCq5cjpXuTE3OSvE6yDhZClbDtkaJGYMknBw7OgCYOImahcEtWoWMiD6\nTHeeRGlxc81KQdJlezF0Kt2ej9Irkttc/WQbRaEQMHmBfO/1dXuC6JxeVV7wWf5y\n/6v9r+WO44MOsQKCAQEA7UvyD3xmfL2A6WuXTlFtZB7jxk9KvPh/yqZWXmiaV/BN\nJIfjRkfh1QWSVCz3bJPBvVng8dfANIofmKE64TbdaXgZqjnRear8Zw6buz79uEcr\nP2gdefXJFm9HvxIw7cCmyoR0OE4gpxjHdbpJ09LxeDrKLTqbHMaMXZp8O6SyICRQ\n2Lh0UeRTxNDa7Zf9d5IwZD70l771rYlkN8Sz/TDWvXOtEglYmwLy4BQOV9bmjOs/\nyEpH3dXNwZXfAQACG3sMwi15Hma5A6OagBPigiEbX2pjU4j6JaI5I7Jv8LEHo5rX\n86Q467q380lyOlFxjZ6BxGuhU/84+HU3vl66QVQeiwKCAQBmOIpc+r+kzkr0sEnG\ngJclmlF/3c4xl+pgC8UvGWKNysv7NbwM66Hz2M2BwvtoVliv07sKzjESXz+r8C05\ne978mwA4Xa5JO0dqblah4Ps6seMpi072XtLZlMOCc71Hib+IDy2l/x7yRqsQ0kus\nYrf6zqT5EWpbiPoaKDKT6qtAC9svo5JojC5vcfNM3D4C2BKtcOziSD423QGL25g4\nawZM8/7/4ltOmdGkxm4E6bpTtiqyROdY/5n+KHLw4SoBvzM6Zhp4pHBZ55FzSgoe\n9S03DsRnUbTT6LQJCHK3TAQj7l4MgQt0Dg0r78Z/OPg97+ng42NgNoU4lGDpKgL8\nvqnBAoIBAQCLDan3MSrNhi74mbe8iTLVLNTE7MobGnOoSPjrsdhgF8zcz1R7ZrwL\nnIw3D3KeCafKUdTjY06aeyYwxqo+N2xf1aUUf3UlGvF1YrYXb742Ml5Bdb1wLnt7\nzhH5AavyZqZWnm+MXxv7TyXy8ws4ObCOh8TZ5DHpFuBCKbkLKmPHOgC2PsDLDEWa\nW9kuyZYab2w0EkA6fAhzfMNher8Oa4Qq2JJes2Nc0smITbhp+OB5S5HAyOZ8NEGy\nYySe7WZOvDipwQPssL1SSJjM3Noq70OfEjTKSsZrLzjUlkfKf7K+SIqrl1xTpsMM\nqclqKzejiXL5qyiKlFDKJ8ZWpCP5DFYpAoIBAFx48+PhYPsJ8jiDkuuwhrrOjPJB\n2l2GL8WpfSotdljp4Kim7OWvkCIOk9t3x8J6eS4cglmqvUPV2hXaXm09PYkoZSyE\nccltzyhjQTrKlhAPqDEYEbwKOfyin0aEIfu/GaOMxEAUR02gmzx+pJDgwzG584nO\nB+L1dSDh8pSIzbUxGPigaouSDNOiZIil/IBHvI+DPjG/DVtybRB2AhL5qXr5DIYj\nPpl30jW+3DVQ9GKQWeOQEzGSZ2YPRqqOxAggufUm5dLiZCDaWUIyvY4ol7954rns\n95zNNtRxTk98XDklXAusJgVMB5q9Y5t9rZ9bz7IAhMgF6inhC1lkxNlBIYc=\n-----END RSA PRIVATE KEY-----\n",
      "type": "string",
      "sensitive": true
    },
    "region": {
      "value": "us-east-1",
      "type": "string"
    },
    "server_public_ip": {
      "value": [
        ""
      ],
      "type": [
        "tuple",
        [
          "string"
        ]
      ]
    }
  },
  "resources": [
    {
      "mode": "data",
      "type": "aws_availability_zones",
      "name": "available",
      "provider": "provider[\"registry.terraform.io/hashicorp/aws\"]",
      "instances": [
        {
          "schema_version": 0,
          "attributes": {
            "all_availability_zones": null,
            "exclude_names": null,
            "exclude_zone_ids": null,
            "filter": null,
            "group_names": [
              ""
            ],
            "id": "us-east-1",
            "names": [
              "us-east-1a",
              "us-east-1b",
              "us-east-1c",
              "us-east-1d",
              "us-east-1e",
              "us-east-1f"
            ],
            "state": null,
            "timeouts": null,
            "zone_ids": [
              "use1-az6",
              "use1-az1",
              "use1-az2",
              "use1-az4",
              "use1-az3",
              "use1-az5"
            ]
          },
          "sensitive_attributes": []
        }
      ]
    },
    {
      "mode": "data",
      "type": "aws_region",
      "name": "current",
      "provider": "provider[\"registry.terraform.io/hashicorp/aws\"]",
      "instances": [
        {
          "schema_version": 0,
          "attributes": {
            "description": "US East (N. Virginia)",
            "endpoint": "ec2.us-east-1.amazonaws.com",
            "id": "us-east-1",
            "name": "us-east-1"
          },
          "sensitive_attributes": []
        }
      ]
    },
    {
      "mode": "managed",
      "type": "aws_instance",
      "name": "PrivateServer",
      "provider": "provider[\"registry.terraform.io/hashicorp/aws\"]",
      "instances": [
        {
          "index_key": 0,
          "schema_version": 1,
          "attributes": {
            "ami": "ami-123456",
            "arn": "arn:aws:ec2:us-east-1::instance/i-981fe557726534d49",
            "associate_public_ip_address": false,
            "availability_zone": "us-east-1a",
            "capacity_reservation_specification": [],
            "cpu_core_count": null,
            "cpu_options": [],
            "cpu_threads_per_core": null,
            "credit_specification": [],
            "disable_api_stop": false,
            "disable_api_termination": false,
            "ebs_block_device": [],
            "ebs_optimized": false,
            "enclave_options": [],
            "ephemeral_block_device": [],
            "get_password_data": false,
            "hibernation": null,
            "host_id": "",
            "host_resource_group_arn": null,
            "iam_instance_profile": "",
            "id": "i-981fe557726534d49",
            "instance_initiated_shutdown_behavior": "stop",
            "instance_lifecycle": "",
            "instance_market_options": [],
            "instance_state": "running",
            "instance_type": "t3.nano",
            "ipv6_address_count": 0,
            "ipv6_addresses": [],
            "key_name": "app",
            "launch_template": [],
            "maintenance_options": [],
            "metadata_options": [],
            "monitoring": false,
            "network_interface": [],
            "outpost_arn": "",
            "password_data": "",
            "placement_group": "",
            "placement_partition_number": 0,
            "primary_network_interface_id": "eni-5b1e3bcb",
            "private_dns": "ip-10-0-1-4.ec2.internal",
            "private_dns_name_options": [],
            "private_ip": "10.0.1.4",
            "public_dns": "None",
            "public_ip": "",
            "root_block_device": [
              {
                "delete_on_termination": true,
                "device_name": "/dev/sda1",
                "encrypted": false,
                "iops": 0,
                "kms_key_id": "",
                "tags": {},
                "throughput": 0,
                "volume_id": "vol-937b15dc",
                "volume_size": 8,
                "volume_type": "gp2"
              }
            ],
            "secondary_private_ips": [],
            "security_groups": [],
            "source_dest_check": true,
            "spot_instance_request_id": "",
            "subnet_id": "subnet-ebdce840",
            "tags": {
              "Environment": "localstack",
              "Name": "PrivateServer-0"
            },
            "tags_all": {
              "Environment": "localstack",
              "Name": "PrivateServer-0"
            },
            "tenancy": "default",
            "timeouts": null,
            "user_data": "f725fcd0b761a1477c23d3e459e7e10d97943404",
            "user_data_base64": null,
            "user_data_replace_on_change": false,
            "volume_tags": null,
            "vpc_security_group_ids": [
              "sg-493b7072c29140249"
            ]
          },
          "sensitive_attributes": [],
          "private": "eyJlMmJmYjczMC1lY2FhLTExZTYtOGY4OC0zNDM2M2JjN2M0YzAiOnsiY3JlYXRlIjo2MDAwMDAwMDAwMDAsImRlbGV0ZSI6MTIwMDAwMDAwMDAwMCwidXBkYXRlIjo2MDAwMDAwMDAwMDB9LCJzY2hlbWFfdmVyc2lvbiI6IjEifQ==",
          "dependencies": [
            "aws_key_pair.server",
            "aws_security_group.web_server",
            "data.aws_availability_zones.available",
            "module.Network.aws_subnet.private",
            "module.Network.aws_vpc.this",
            "module.Network.aws_vpc_ipv4_cidr_block_association.this",
            "tls_private_key.server"
          ]
        },
        {
          "index_key": 1,
          "schema_version": 1,
          "attributes": {
            "ami": "ami-123456",
            "arn": "arn:aws:ec2:us-east-1::instance/i-33291733bcc3f6a30",
            "associate_public_ip_address": false,
            "availability_zone": "us-east-1b",
            "capacity_reservation_specification": [],
            "cpu_core_count": null,
            "cpu_options": [],
            "cpu_threads_per_core": null,
            "credit_specification": [],
            "disable_api_stop": false,
            "disable_api_termination": false,
            "ebs_block_device": [],
            "ebs_optimized": false,
            "enclave_options": [],
            "ephemeral_block_device": [],
            "get_password_data": false,
            "hibernation": null,
            "host_id": "",
            "host_resource_group_arn": null,
            "iam_instance_profile": "",
            "id": "i-33291733bcc3f6a30",
            "instance_initiated_shutdown_behavior": "stop",
            "instance_lifecycle": "",
            "instance_market_options": [],
            "instance_state": "running",
            "instance_type": "t3.nano",
            "ipv6_address_count": 0,
            "ipv6_addresses": [],
            "key_name": "app",
            "launch_template": [],
            "maintenance_options": [],
            "metadata_options": [],
            "monitoring": false,
            "network_interface": [],
            "outpost_arn": "",
            "password_data": "",
            "placement_group": "",
            "placement_partition_number": 0,
            "primary_network_interface_id": "eni-1c4c5856",
            "private_dns": "ip-10-0-2-4.ec2.internal",
            "private_dns_name_options": [],
            "private_ip": "10.0.2.4",
            "public_dns": "None",
            "public_ip": "",
            "root_block_device": [
              {
                "delete_on_termination": true,
                "device_name": "/dev/sda1",
                "encrypted": false,
                "iops": 0,
                "kms_key_id": "",
                "tags": {},
                "throughput": 0,
                "volume_id": "vol-f5fb6ac1",
                "volume_size": 8,
                "volume_type": "gp2"
              }
            ],
            "secondary_private_ips": [],
            "security_groups": [],
            "source_dest_check": true,
            "spot_instance_request_id": "",
            "subnet_id": "subnet-1dcba69b",
            "tags": {
              "Environment": "localstack",
              "Name": "PrivateServer-1"
            },
            "tags_all": {
              "Environment": "localstack",
              "Name": "PrivateServer-1"
            },
            "tenancy": "default",
            "timeouts": null,
            "user_data": "f725fcd0b761a1477c23d3e459e7e10d97943404",
            "user_data_base64": null,
            "user_data_replace_on_change": false,
            "volume_tags": null,
            "vpc_security_group_ids": [
              "sg-493b7072c29140249"
            ]
          },
          "sensitive_attributes": [],
          "private": "eyJlMmJmYjczMC1lY2FhLTExZTYtOGY4OC0zNDM2M2JjN2M0YzAiOnsiY3JlYXRlIjo2MDAwMDAwMDAwMDAsImRlbGV0ZSI6MTIwMDAwMDAwMDAwMCwidXBkYXRlIjo2MDAwMDAwMDAwMDB9LCJzY2hlbWFfdmVyc2lvbiI6IjEifQ==",
          "dependencies": [
            "aws_key_pair.server",
            "aws_security_group.web_server",
            "data.aws_availability_zones.available",
            "module.Network.aws_subnet.private",
            "module.Network.aws_vpc.this",
            "module.Network.aws_vpc_ipv4_cidr_block_association.this",
            "tls_private_key.server"
          ]
        },
        {
          "index_key": 2,
          "schema_version": 1,
          "attributes": {
            "ami": "ami-123456",
            "arn": "arn:aws:ec2:us-east-1::instance/i-0b92c38fac356c37f",
            "associate_public_ip_address": false,
            "availability_zone": "us-east-1c",
            "capacity_reservation_specification": [],
            "cpu_core_count": null,
            "cpu_options": [],
            "cpu_threads_per_core": null,
            "credit_specification": [],
            "disable_api_stop": false,
            "disable_api_termination": false,
            "ebs_block_device": [],
            "ebs_optimized": false,
            "enclave_options": [],
            "ephemeral_block_device": [],
            "get_password_data": false,
            "hibernation": null,
            "host_id": "",
            "host_resource_group_arn": null,
            "iam_instance_profile": "",
            "id": "i-0b92c38fac356c37f",
            "instance_initiated_shutdown_behavior": "stop",
            "instance_lifecycle": "",
            "instance_market_options": [],
            "instance_state": "running",
            "instance_type": "t3.nano",
            "ipv6_address_count": 0,
            "ipv6_addresses": [],
            "key_name": "app",
            "launch_template": [],
            "maintenance_options": [],
            "metadata_options": [],
            "monitoring": false,
            "network_interface": [],
            "outpost_arn": "",
            "password_data": "",
            "placement_group": "",
            "placement_partition_number": 0,
            "primary_network_interface_id": "eni-1aec7f6e",
            "private_dns": "ip-10-0-3-4.ec2.internal",
            "private_dns_name_options": [],
            "private_ip": "10.0.3.4",
            "public_dns": "None",
            "public_ip": "",
            "root_block_device": [
              {
                "delete_on_termination": true,
                "device_name": "/dev/sda1",
                "encrypted": false,
                "iops": 0,
                "kms_key_id": "",
                "tags": {},
                "throughput": 0,
                "volume_id": "vol-8c10c5b5",
                "volume_size": 8,
                "volume_type": "gp2"
              }
            ],
            "secondary_private_ips": [],
            "security_groups": [],
            "source_dest_check": true,
            "spot_instance_request_id": "",
            "subnet_id": "subnet-2cb3c01b",
            "tags": {
              "Environment": "localstack",
              "Name": "PrivateServer-2"
            },
            "tags_all": {
              "Environment": "localstack",
              "Name": "PrivateServer-2"
            },
            "tenancy": "default",
            "timeouts": null,
            "user_data": "f725fcd0b761a1477c23d3e459e7e10d97943404",
            "user_data_base64": null,
            "user_data_replace_on_change": false,
            "volume_tags": null,
            "vpc_security_group_ids": [
              "sg-493b7072c29140249"
            ]
          },
          "sensitive_attributes": [],
          "private": "eyJlMmJmYjczMC1lY2FhLTExZTYtOGY4OC0zNDM2M2JjN2M0YzAiOnsiY3JlYXRlIjo2MDAwMDAwMDAwMDAsImRlbGV0ZSI6MTIwMDAwMDAwMDAwMCwidXBkYXRlIjo2MDAwMDAwMDAwMDB9LCJzY2hlbWFfdmVyc2lvbiI6IjEifQ==",
          "dependencies": [
            "aws_key_pair.server",
            "aws_security_group.web_server",
            "data.aws_availability_zones.available",
            "module.Network.aws_subnet.private",
            "module.Network.aws_vpc.this",
            "module.Network.aws_vpc_ipv4_cidr_block_association.this",
            "tls_private_key.server"
          ]
        }
      ]
    },
    {
      "mode": "managed",
      "type": "aws_instance",
      "name": "PublicServer",
      "provider": "provider[\"registry.terraform.io/hashicorp/aws\"]",
      "instances": [
        {
          "index_key": 0,
          "schema_version": 1,
          "attributes": {
            "ami": "ami-123456",
            "arn": "arn:aws:ec2:us-east-1::instance/i-973d5bfb14bc9f236",
            "associate_public_ip_address": false,
            "availability_zone": "us-east-1a",
            "capacity_reservation_specification": [],
            "cpu_core_count": null,
            "cpu_options": [],
            "cpu_threads_per_core": null,
            "credit_specification": [],
            "disable_api_stop": false,
            "disable_api_termination": false,
            "ebs_block_device": [],
            "ebs_optimized": false,
            "enclave_options": [],
            "ephemeral_block_device": [],
            "get_password_data": false,
            "hibernation": null,
            "host_id": "",
            "host_resource_group_arn": null,
            "iam_instance_profile": "",
            "id": "i-973d5bfb14bc9f236",
            "instance_initiated_shutdown_behavior": "stop",
            "instance_lifecycle": "",
            "instance_market_options": [],
            "instance_state": "running",
            "instance_type": "t3.nano",
            "ipv6_address_count": 0,
            "ipv6_addresses": [],
            "key_name": "app",
            "launch_template": [],
            "maintenance_options": [],
            "metadata_options": [],
            "monitoring": false,
            "network_interface": [],
            "outpost_arn": "",
            "password_data": "",
            "placement_group": "",
            "placement_partition_number": 0,
            "primary_network_interface_id": "eni-24552291",
            "private_dns": "ip-10-0-101-6.ec2.internal",
            "private_dns_name_options": [],
            "private_ip": "10.0.101.6",
            "public_dns": "None",
            "public_ip": "",
            "root_block_device": [
              {
                "delete_on_termination": true,
                "device_name": "/dev/sda1",
                "encrypted": false,
                "iops": 0,
                "kms_key_id": "",
                "tags": {},
                "throughput": 0,
                "volume_id": "vol-d7649518",
                "volume_size": 8,
                "volume_type": "gp2"
              }
            ],
            "secondary_private_ips": [],
            "security_groups": [],
            "source_dest_check": true,
            "spot_instance_request_id": "",
            "subnet_id": "subnet-dda14a52",
            "tags": {
              "Environment": "localstack",
              "Name": "PublicServer-0"
            },
            "tags_all": {
              "Environment": "localstack",
              "Name": "PublicServer-0"
            },
            "tenancy": "default",
            "timeouts": null,
            "user_data": null,
            "user_data_base64": null,
            "user_data_replace_on_change": false,
            "volume_tags": null,
            "vpc_security_group_ids": [
              "sg-487a58cb436bde77f"
            ]
          },
          "sensitive_attributes": [],
          "private": "eyJlMmJmYjczMC1lY2FhLTExZTYtOGY4OC0zNDM2M2JjN2M0YzAiOnsiY3JlYXRlIjo2MDAwMDAwMDAwMDAsImRlbGV0ZSI6MTIwMDAwMDAwMDAwMCwidXBkYXRlIjo2MDAwMDAwMDAwMDB9LCJzY2hlbWFfdmVyc2lvbiI6IjEifQ==",
          "dependencies": [
            "aws_key_pair.server",
            "aws_security_group.server",
            "data.aws_availability_zones.available",
            "module.Network.aws_subnet.public",
            "module.Network.aws_vpc.this",
            "module.Network.aws_vpc_ipv4_cidr_block_association.this",
            "tls_private_key.server"
          ]
        }
      ]
    },
    {
      "mode": "managed",
      "type": "aws_key_pair",
      "name": "server",
      "provider": "provider[\"registry.terraform.io/hashicorp/aws\"]",
      "instances": [
        {
          "schema_version": 1,
          "attributes": {
            "arn": "arn:aws:ec2:us-east-1::key-pair/app",
            "fingerprint": "a7:ba:91:0b:54:8a:2b:98:bb:0c:0f:f6:ce:85:9c:72",
            "id": "app",
            "key_name": "app",
            "key_name_prefix": "",
            "key_pair_id": "key-c68c0207",
            "key_type": "",
            "public_key": "ssh-rsa AAAAB3NzaC1yc2EAAAADAQABAAACAQDnZfBdNGd9lQRNIRgg8PSXG98M0aCKkHdJx0RW46u3PGMlyc3/U0ixMtee05Dic9McNabeXtjanvPVgfwi+8Fi5vBgnRxBP5tkYAFRa41YJL9sk0YtVSzuiUOvaeaqpMyLGIfT9hWtSzoXoR4ejm8pxR6OAlHBqJVJ8ZQF/fEz3dBjwlZMRORFZQrAV7JM2rr4ovsz03G7ARYDxh6K1WVQaOiisng5mf0d5dcKabBlHrVU9q8ZBqfvWZP0lk3Nk9vKea3mnTM1f+0mdWsA9E8Zvyf+4e0b+hw01o9Ga5R5Q39ALq9spyAXAsmdsyzi5fgjBRdo/QUgx8K8SpPoeiVbdmKSnhTARAtJk9H6kM/37DBiztpr9qgqBaicOQEFQ2QWXUU8subeIJ8gKb29jhlhNOyA1CAxBwrsiMeXJUBAzk2POBlp5j0WnmcLxVCw/6pXdPt+QgMBzqpjSavZI3e7hneo+RNINEpl9Foh7VjqTAwp3b9PYGd23XMRCZCo7qnLI2Vei3kImgReZ9UXjPtOcj5QPETRxG3Gn/5L2nKLh1D7xRKJjtt7AUE6BRqAV0FEMRGfsJXHummxhXF+kyknIAA/6pt5qTMc2lvY1P9g00DmkS9oRRafslpcWIBK/qc2fshd4k5jJvs2EI0fadihu811taQeVMtRCvuUpvW4Gw==",
            "tags": {},
            "tags_all": {}
          },
          "sensitive_attributes": [],
          "private": "eyJzY2hlbWFfdmVyc2lvbiI6IjEifQ==",
          "dependencies": [
            "tls_private_key.server"
          ]
        }
      ]
    },
    {
      "mode": "managed",
      "type": "aws_lb_listener",
      "name": "localstack",
      "provider": "provider[\"registry.terraform.io/hashicorp/aws\"]",
      "instances": []
    },
    {
      "mode": "managed",
      "type": "aws_lb_listener_rule",
      "name": "static",
      "provider": "provider[\"registry.terraform.io/hashicorp/aws\"]",
      "instances": []
    },
    {
      "mode": "managed",
      "type": "aws_lb_target_group_attachment",
      "name": "localstack",
      "provider": "provider[\"registry.terraform.io/hashicorp/aws\"]",
      "instances": []
    },
    {
      "mode": "managed",
      "type": "aws_security_group",
      "name": "server",
      "provider": "provider[\"registry.terraform.io/hashicorp/aws\"]",
      "instances": [
        {
          "schema_version": 1,
          "attributes": {
            "arn": "arn:aws:ec2:us-east-1:000000000000:security-group/sg-487a58cb436bde77f",
            "description": "Allow TLS inbound traffic",
            "egress": [
              {
                "cidr_blocks": [
                  "0.0.0.0/0"
                ],
                "description": "allow outbound traffic",
                "from_port": 0,
                "ipv6_cidr_blocks": [],
                "prefix_list_ids": [],
                "protocol": "-1",
                "security_groups": [],
                "self": false,
                "to_port": 0
              }
            ],
            "id": "sg-487a58cb436bde77f",
            "ingress": [
              {
                "cidr_blocks": [
                  "0.0.0.0/0"
                ],
                "description": "ssh",
                "from_port": 22,
                "ipv6_cidr_blocks": [],
                "prefix_list_ids": [],
                "protocol": "tcp",
                "security_groups": [],
                "self": false,
                "to_port": 22
              }
            ],
            "name": "localstack-server",
            "name_prefix": "",
            "owner_id": "000000000000",
            "revoke_rules_on_delete": false,
            "tags": {},
            "tags_all": {},
            "timeouts": null,
            "vpc_id": "vpc-34c4df6f"
          },
          "sensitive_attributes": [],
          "private": "eyJlMmJmYjczMC1lY2FhLTExZTYtOGY4OC0zNDM2M2JjN2M0YzAiOnsiY3JlYXRlIjo2MDAwMDAwMDAwMDAsImRlbGV0ZSI6OTAwMDAwMDAwMDAwfSwic2NoZW1hX3ZlcnNpb24iOiIxIn0=",
          "dependencies": [
            "module.Network.aws_vpc.this"
          ]
        }
      ]
    },
    {
      "mode": "managed",
      "type": "aws_security_group",
      "name": "web_server",
      "provider": "provider[\"registry.terraform.io/hashicorp/aws\"]",
      "instances": [
        {
          "schema_version": 1,
          "attributes": {
            "arn": "arn:aws:ec2:us-east-1:000000000000:security-group/sg-493b7072c29140249",
            "description": "Allow TLS inbound traffic",
            "egress": [
              {
                "cidr_blocks": [
                  "0.0.0.0/0"
                ],
                "description": "allow outbound traffic",
                "from_port": 0,
                "ipv6_cidr_blocks": [],
                "prefix_list_ids": [],
                "protocol": "-1",
                "security_groups": [],
                "self": false,
                "to_port": 0
              }
            ],
            "id": "sg-493b7072c29140249",
            "ingress": [
              {
                "cidr_blocks": [
                  "0.0.0.0/0"
                ],
                "description": "http",
                "from_port": 80,
                "ipv6_cidr_blocks": [],
                "prefix_list_ids": [],
                "protocol": "tcp",
                "security_groups": [],
                "self": false,
                "to_port": 80
              }
            ],
            "name": "localstack-web-server",
            "name_prefix": "",
            "owner_id": "000000000000",
            "revoke_rules_on_delete": false,
            "tags": {},
            "tags_all": {},
            "timeouts": null,
            "vpc_id": "vpc-34c4df6f"
          },
          "sensitive_attributes": [],
          "private": "eyJlMmJmYjczMC1lY2FhLTExZTYtOGY4OC0zNDM2M2JjN2M0YzAiOnsiY3JlYXRlIjo2MDAwMDAwMDAwMDAsImRlbGV0ZSI6OTAwMDAwMDAwMDAwfSwic2NoZW1hX3ZlcnNpb24iOiIxIn0=",
          "dependencies": [
            "module.Network.aws_vpc.this"
          ]
        }
      ]
    },
    {
      "mode": "managed",
      "type": "tls_private_key",
      "name": "server",
      "provider": "provider[\"registry.terraform.io/hashicorp/tls\"]",
      "instances": [
        {
          "schema_version": 1,
          "attributes": {
            "algorithm": "RSA",
            "ecdsa_curve": "P224",
            "id": "3fff416e875028a764ca19d0a3208aba3c79daef",
            "private_key_openssh": "-----BEGIN OPENSSH PRIVATE KEY-----\nb3BlbnNzaC1rZXktdjEAAAAABG5vbmUAAAAEbm9uZQAAAAAAAAABAAACFwAAAAdz\nc2gtcnNhAAAAAwEAAQAAAgEA52XwXTRnfZUETSEYIPD0lxvfDNGgipB3ScdEVuOr\ntzxjJcnN/1NIsTLXntOQ4nPTHDWm3l7Y2p7z1YH8IvvBYubwYJ0cQT+bZGABUWuN\nWCS/bJNGLVUs7olDr2nmqqTMixiH0/YVrUs6F6EeHo5vKcUejgJRwaiVSfGUBf3x\nM93QY8JWTETkRWUKwFeyTNq6+KL7M9NxuwEWA8YeitVlUGjoorJ4OZn9HeXXCmmw\nZR61VPavGQan71mT9JZNzZPbynmt5p0zNX/tJnVrAPRPGb8n/uHtG/ocNNaPRmuU\neUN/QC6vbKcgFwLJnbMs4uX4IwUXaP0FIMfCvEqT6HolW3Zikp4UwEQLSZPR+pDP\n9+wwYs7aa/aoKgWonDkBBUNkFl1FPLLm3iCfICm9vY4ZYTTsgNQgMQcK7IjHlyVA\nQM5NjzgZaeY9Fp5nC8VQsP+qV3T7fkIDAc6qY0mr2SN3u4Z3qPkTSDRKZfRaIe1Y\n6kwMKd2/T2Bndt1zEQmQqO6pyyNlXot5CJoEXmfVF4z7TnI+UDxE0cRtxp/+S9py\ni4dQ+8USiY7bewFBOgUagFdBRDERn7CVx7ppsYVxfpMpJyAAP+qbeakzHNpb2NT/\nYNNA5pEvaEUWn7JaXFiASv6nNn7IXeJOYyb7NhCNH2nYobvNdbWkHlTLUQr7lKb1\nuBsAAAc4ceo5sHHqObAAAAAHc3NoLXJzYQAAAgEA52XwXTRnfZUETSEYIPD0lxvf\nDNGgipB3ScdEVuOrtzxjJcnN/1NIsTLXntOQ4nPTHDWm3l7Y2p7z1YH8IvvBYubw\nYJ0cQT+bZGABUWuNWCS/bJNGLVUs7olDr2nmqqTMixiH0/YVrUs6F6EeHo5vKcUe\njgJRwaiVSfGUBf3xM93QY8JWTETkRWUKwFeyTNq6+KL7M9NxuwEWA8YeitVlUGjo\norJ4OZn9HeXXCmmwZR61VPavGQan71mT9JZNzZPbynmt5p0zNX/tJnVrAPRPGb8n\n/uHtG/ocNNaPRmuUeUN/QC6vbKcgFwLJnbMs4uX4IwUXaP0FIMfCvEqT6HolW3Zi\nkp4UwEQLSZPR+pDP9+wwYs7aa/aoKgWonDkBBUNkFl1FPLLm3iCfICm9vY4ZYTTs\ngNQgMQcK7IjHlyVAQM5NjzgZaeY9Fp5nC8VQsP+qV3T7fkIDAc6qY0mr2SN3u4Z3\nqPkTSDRKZfRaIe1Y6kwMKd2/T2Bndt1zEQmQqO6pyyNlXot5CJoEXmfVF4z7TnI+\nUDxE0cRtxp/+S9pyi4dQ+8USiY7bewFBOgUagFdBRDERn7CVx7ppsYVxfpMpJyAA\nP+qbeakzHNpb2NT/YNNA5pEvaEUWn7JaXFiASv6nNn7IXeJOYyb7NhCNH2nYobvN\ndbWkHlTLUQr7lKb1uBsAAAADAQABAAACAFivy0YNtbR+Dp35FyRY9YWM2xowpdU1\ntWKDiv+6Vq/t5xoulFNNekjf8aAf+iGwvrLLJV+I/pgb39xu61IFJ4Nee7arwI6J\ncGcyHI82J4Am5W8ZqwXo5UWvOk/ayNuSOgr9peFpKbm3YVZ5G/AeKyDZOfK3lNoi\nYMVsX41EXNPCKgJyE1078jlelpZNhjrKgmqVHK4qViaULfnYTxBq5V/CNZdVy5pY\nGJkC5D5Lb53x/RHJUibHVEn6DSjrCnrGNrENnccLbPsOQrhAvHgrKr31c8DOmm/k\nljbyHQuiY89uPTE+M2HzU+s92EQmzgdQmJ/jbauBfhuoNEyyUKoDVplSz8JyyOxz\nmpMiZ4/TjYwOSQkPH025UGSO8gv/M5hbfs66eKQPELX5gJaIbOEG3XRIroBqu0YT\nWcN0VcCnu/bRdGS1NvUJ86hc59PDTOT28IKCaoERUcgwxJ6nCWWX2+mM/wnxiDrD\ndOP+hO3LmHaXzNEU4vwcjomVX4J5mr63E256tpaMQDYrZ6FXDinykQNUi56s+Ixw\nZo2xLowJngtK9VyvOUWvdFOFPYSjK/nrJd8rwhZzWYhvFzw4xND4eHWGjElTZEzb\nDLsQXq6SSBHeg5FcXDUIt1mDpC058RjTwI+37pthqdlfADy2/C/6GvaBv5XiELs4\nJMJceCvqfQZBAAABAFx48+PhYPsJ8jiDkuuwhrrOjPJB2l2GL8WpfSotdljp4Kim\n7OWvkCIOk9t3x8J6eS4cglmqvUPV2hXaXm09PYkoZSyEccltzyhjQTrKlhAPqDEY\nEbwKOfyin0aEIfu/GaOMxEAUR02gmzx+pJDgwzG584nOB+L1dSDh8pSIzbUxGPig\naouSDNOiZIil/IBHvI+DPjG/DVtybRB2AhL5qXr5DIYjPpl30jW+3DVQ9GKQWeOQ\nEzGSZ2YPRqqOxAggufUm5dLiZCDaWUIyvY4ol7954rns95zNNtRxTk98XDklXAus\nJgVMB5q9Y5t9rZ9bz7IAhMgF6inhC1lkxNlBIYcAAAEBAPmi+iNh/rLJi/PllIlQ\nYDdrQLK5WgIeaVCcCd8/Pjo0EGOIGfj52Io7xJMkCDKJmz8KXjxNCgp1UPZ/Th/p\nCJcMENJOIlTgrb+RgWUTeJNC3riXpL4oJ05pDv0OAFYmm1Gu7mHhv/wVzQQ12GE1\n4dTx6u8oNnXJVexBmZ+9ce03x3vPVI8AaPfgR2t8YiIEtTmwzopBj0YM0yxGGLAq\nuXI6V7kxNzkrxOsg4WQpWw7ZGiRmDJJwcOzoAmDiJmoXBLVqFjIg+kx3nkRpcXPN\nSkHSZXsxdCrdno/SK5LbXP1kG0WhEDB5gXzv9XV7guicXlVe8Fn+cv+r/a/ljuOD\nDrEAAAEBAO1L8g98Zny9gOlrl05RbWQe48ZPSrz4f8qmVl5omlfwTSSH40ZH4dUF\nklQs92yTwb1Z4PHXwDSKH5ihOuE23Wl4Gao50Xmq/GcOm7s+/bhHKz9oHXn1yRZv\nR78SMO3ApsqEdDhOIKcYx3W6SdPS8Xg6yi06mxzGjF2afDuksiAkUNi4dFHkU8TQ\n2u2X/XeSMGQ+9Je+9a2JZDfEs/0w1r1zrRIJWJsC8uAUDlfW5ozrP8hKR93VzcGV\n3wEAAht7DMIteR5muQOjmoAT4oIhG19qY1OI+iWiOSOyb/CxB6Oa1/OkOOu6t/NJ\ncjpRcY2egcRroVP/OPh1N75eukFUHosAAAAAAQID\n-----END OPENSSH PRIVATE KEY-----\n",
            "private_key_pem": "-----BEGIN RSA PRIVATE KEY-----\nMIIJKAIBAAKCAgEA52XwXTRnfZUETSEYIPD0lxvfDNGgipB3ScdEVuOrtzxjJcnN\n/1NIsTLXntOQ4nPTHDWm3l7Y2p7z1YH8IvvBYubwYJ0cQT+bZGABUWuNWCS/bJNG\nLVUs7olDr2nmqqTMixiH0/YVrUs6F6EeHo5vKcUejgJRwaiVSfGUBf3xM93QY8JW\nTETkRWUKwFeyTNq6+KL7M9NxuwEWA8YeitVlUGjoorJ4OZn9HeXXCmmwZR61VPav\nGQan71mT9JZNzZPbynmt5p0zNX/tJnVrAPRPGb8n/uHtG/ocNNaPRmuUeUN/QC6v\nbKcgFwLJnbMs4uX4IwUXaP0FIMfCvEqT6HolW3Zikp4UwEQLSZPR+pDP9+wwYs7a\na/aoKgWonDkBBUNkFl1FPLLm3iCfICm9vY4ZYTTsgNQgMQcK7IjHlyVAQM5NjzgZ\naeY9Fp5nC8VQsP+qV3T7fkIDAc6qY0mr2SN3u4Z3qPkTSDRKZfRaIe1Y6kwMKd2/\nT2Bndt1zEQmQqO6pyyNlXot5CJoEXmfVF4z7TnI+UDxE0cRtxp/+S9pyi4dQ+8US\niY7bewFBOgUagFdBRDERn7CVx7ppsYVxfpMpJyAAP+qbeakzHNpb2NT/YNNA5pEv\naEUWn7JaXFiASv6nNn7IXeJOYyb7NhCNH2nYobvNdbWkHlTLUQr7lKb1uBsCAwEA\nAQKCAgBYr8tGDbW0fg6d+RckWPWFjNsaMKXVNbVig4r/ulav7ecaLpRTTXpI3/Gg\nH/ohsL6yyyVfiP6YG9/cbutSBSeDXnu2q8COiXBnMhyPNieAJuVvGasF6OVFrzpP\n2sjbkjoK/aXhaSm5t2FWeRvwHisg2Tnyt5TaImDFbF+NRFzTwioCchNdO/I5XpaW\nTYY6yoJqlRyuKlYmlC352E8QauVfwjWXVcuaWBiZAuQ+S2+d8f0RyVImx1RJ+g0o\n6wp6xjaxDZ3HC2z7DkK4QLx4Kyq99XPAzppv5JY28h0LomPPbj0xPjNh81PrPdhE\nJs4HUJif422rgX4bqDRMslCqA1aZUs/Ccsjsc5qTImeP042MDkkJDx9NuVBkjvIL\n/zOYW37OunikDxC1+YCWiGzhBt10SK6AartGE1nDdFXAp7v20XRktTb1CfOoXOfT\nw0zk9vCCgmqBEVHIMMSepwlll9vpjP8J8Yg6w3Tj/oTty5h2l8zRFOL8HI6JlV+C\neZq+txNueraWjEA2K2ehVw4p8pEDVIuerPiMcGaNsS6MCZ4LSvVcrzlFr3RThT2E\noyv56yXfK8IWc1mIbxc8OMTQ+Hh1hoxJU2RM2wy7EF6ukkgR3oORXFw1CLdZg6Qt\nOfEY08CPt+6bYanZXwA8tvwv+hr2gb+V4hC7OCTCXHgr6n0GQQKCAQEA+aL6I2H+\nssmL8+WUiVBgN2tAsrlaAh5pUJwJ3z8+OjQQY4gZ+PnYijvEkyQIMombPwpePE0K\nCnVQ9n9OH+kIlwwQ0k4iVOCtv5GBZRN4k0LeuJekvignTmkO/Q4AViabUa7uYeG/\n/BXNBDXYYTXh1PHq7yg2dclV7EGZn71x7TfHe89UjwBo9+BHa3xiIgS1ObDOikGP\nRgzTLEYYsCq5cjpXuTE3OSvE6yDhZClbDtkaJGYMknBw7OgCYOImahcEtWoWMiD6\nTHeeRGlxc81KQdJlezF0Kt2ej9Irkttc/WQbRaEQMHmBfO/1dXuC6JxeVV7wWf5y\n/6v9r+WO44MOsQKCAQEA7UvyD3xmfL2A6WuXTlFtZB7jxk9KvPh/yqZWXmiaV/BN\nJIfjRkfh1QWSVCz3bJPBvVng8dfANIofmKE64TbdaXgZqjnRear8Zw6buz79uEcr\nP2gdefXJFm9HvxIw7cCmyoR0OE4gpxjHdbpJ09LxeDrKLTqbHMaMXZp8O6SyICRQ\n2Lh0UeRTxNDa7Zf9d5IwZD70l771rYlkN8Sz/TDWvXOtEglYmwLy4BQOV9bmjOs/\nyEpH3dXNwZXfAQACG3sMwi15Hma5A6OagBPigiEbX2pjU4j6JaI5I7Jv8LEHo5rX\n86Q467q380lyOlFxjZ6BxGuhU/84+HU3vl66QVQeiwKCAQBmOIpc+r+kzkr0sEnG\ngJclmlF/3c4xl+pgC8UvGWKNysv7NbwM66Hz2M2BwvtoVliv07sKzjESXz+r8C05\ne978mwA4Xa5JO0dqblah4Ps6seMpi072XtLZlMOCc71Hib+IDy2l/x7yRqsQ0kus\nYrf6zqT5EWpbiPoaKDKT6qtAC9svo5JojC5vcfNM3D4C2BKtcOziSD423QGL25g4\nawZM8/7/4ltOmdGkxm4E6bpTtiqyROdY/5n+KHLw4SoBvzM6Zhp4pHBZ55FzSgoe\n9S03DsRnUbTT6LQJCHK3TAQj7l4MgQt0Dg0r78Z/OPg97+ng42NgNoU4lGDpKgL8\nvqnBAoIBAQCLDan3MSrNhi74mbe8iTLVLNTE7MobGnOoSPjrsdhgF8zcz1R7ZrwL\nnIw3D3KeCafKUdTjY06aeyYwxqo+N2xf1aUUf3UlGvF1YrYXb742Ml5Bdb1wLnt7\nzhH5AavyZqZWnm+MXxv7TyXy8ws4ObCOh8TZ5DHpFuBCKbkLKmPHOgC2PsDLDEWa\nW9kuyZYab2w0EkA6fAhzfMNher8Oa4Qq2JJes2Nc0smITbhp+OB5S5HAyOZ8NEGy\nYySe7WZOvDipwQPssL1SSJjM3Noq70OfEjTKSsZrLzjUlkfKf7K+SIqrl1xTpsMM\nqclqKzejiXL5qyiKlFDKJ8ZWpCP5DFYpAoIBAFx48+PhYPsJ8jiDkuuwhrrOjPJB\n2l2GL8WpfSotdljp4Kim7OWvkCIOk9t3x8J6eS4cglmqvUPV2hXaXm09PYkoZSyE\nccltzyhjQTrKlhAPqDEYEbwKOfyin0aEIfu/GaOMxEAUR02gmzx+pJDgwzG584nO\nB+L1dSDh8pSIzbUxGPigaouSDNOiZIil/IBHvI+DPjG/DVtybRB2AhL5qXr5DIYj\nPpl30jW+3DVQ9GKQWeOQEzGSZ2YPRqqOxAggufUm5dLiZCDaWUIyvY4ol7954rns\n95zNNtRxTk98XDklXAusJgVMB5q9Y5t9rZ9bz7IAhMgF6inhC1lkxNlBIYc=\n-----END RSA PRIVATE KEY-----\n",
            "private_key_pem_pkcs8": "-----BEGIN PRIVATE KEY-----\nMIIJQgIBADANBgkqhkiG9w0BAQEFAASCCSwwggkoAgEAAoICAQDnZfBdNGd9lQRN\nIRgg8PSXG98M0aCKkHdJx0RW46u3PGMlyc3/U0ixMtee05Dic9McNabeXtjanvPV\ngfwi+8Fi5vBgnRxBP5tkYAFRa41YJL9sk0YtVSzuiUOvaeaqpMyLGIfT9hWtSzoX\noR4ejm8pxR6OAlHBqJVJ8ZQF/fEz3dBjwlZMRORFZQrAV7JM2rr4ovsz03G7ARYD\nxh6K1WVQaOiisng5mf0d5dcKabBlHrVU9q8ZBqfvWZP0lk3Nk9vKea3mnTM1f+0m\ndWsA9E8Zvyf+4e0b+hw01o9Ga5R5Q39ALq9spyAXAsmdsyzi5fgjBRdo/QUgx8K8\nSpPoeiVbdmKSnhTARAtJk9H6kM/37DBiztpr9qgqBaicOQEFQ2QWXUU8subeIJ8g\nKb29jhlhNOyA1CAxBwrsiMeXJUBAzk2POBlp5j0WnmcLxVCw/6pXdPt+QgMBzqpj\nSavZI3e7hneo+RNINEpl9Foh7VjqTAwp3b9PYGd23XMRCZCo7qnLI2Vei3kImgRe\nZ9UXjPtOcj5QPETRxG3Gn/5L2nKLh1D7xRKJjtt7AUE6BRqAV0FEMRGfsJXHummx\nhXF+kyknIAA/6pt5qTMc2lvY1P9g00DmkS9oRRafslpcWIBK/qc2fshd4k5jJvs2\nEI0fadihu811taQeVMtRCvuUpvW4GwIDAQABAoICAFivy0YNtbR+Dp35FyRY9YWM\n2xowpdU1tWKDiv+6Vq/t5xoulFNNekjf8aAf+iGwvrLLJV+I/pgb39xu61IFJ4Ne\ne7arwI6JcGcyHI82J4Am5W8ZqwXo5UWvOk/ayNuSOgr9peFpKbm3YVZ5G/AeKyDZ\nOfK3lNoiYMVsX41EXNPCKgJyE1078jlelpZNhjrKgmqVHK4qViaULfnYTxBq5V/C\nNZdVy5pYGJkC5D5Lb53x/RHJUibHVEn6DSjrCnrGNrENnccLbPsOQrhAvHgrKr31\nc8DOmm/kljbyHQuiY89uPTE+M2HzU+s92EQmzgdQmJ/jbauBfhuoNEyyUKoDVplS\nz8JyyOxzmpMiZ4/TjYwOSQkPH025UGSO8gv/M5hbfs66eKQPELX5gJaIbOEG3XRI\nroBqu0YTWcN0VcCnu/bRdGS1NvUJ86hc59PDTOT28IKCaoERUcgwxJ6nCWWX2+mM\n/wnxiDrDdOP+hO3LmHaXzNEU4vwcjomVX4J5mr63E256tpaMQDYrZ6FXDinykQNU\ni56s+IxwZo2xLowJngtK9VyvOUWvdFOFPYSjK/nrJd8rwhZzWYhvFzw4xND4eHWG\njElTZEzbDLsQXq6SSBHeg5FcXDUIt1mDpC058RjTwI+37pthqdlfADy2/C/6GvaB\nv5XiELs4JMJceCvqfQZBAoIBAQD5ovojYf6yyYvz5ZSJUGA3a0CyuVoCHmlQnAnf\nPz46NBBjiBn4+diKO8STJAgyiZs/Cl48TQoKdVD2f04f6QiXDBDSTiJU4K2/kYFl\nE3iTQt64l6S+KCdOaQ79DgBWJptRru5h4b/8Fc0ENdhhNeHU8ervKDZ1yVXsQZmf\nvXHtN8d7z1SPAGj34EdrfGIiBLU5sM6KQY9GDNMsRhiwKrlyOle5MTc5K8TrIOFk\nKVsO2RokZgyScHDs6AJg4iZqFwS1ahYyIPpMd55EaXFzzUpB0mV7MXQq3Z6P0iuS\n21z9ZBtFoRAweYF87/V1e4LonF5VXvBZ/nL/q/2v5Y7jgw6xAoIBAQDtS/IPfGZ8\nvYDpa5dOUW1kHuPGT0q8+H/KplZeaJpX8E0kh+NGR+HVBZJULPdsk8G9WeDx18A0\nih+YoTrhNt1peBmqOdF5qvxnDpu7Pv24Rys/aB159ckWb0e/EjDtwKbKhHQ4TiCn\nGMd1uknT0vF4OsotOpscxoxdmnw7pLIgJFDYuHRR5FPE0Nrtl/13kjBkPvSXvvWt\niWQ3xLP9MNa9c60SCVibAvLgFA5X1uaM6z/ISkfd1c3Bld8BAAIbewzCLXkeZrkD\no5qAE+KCIRtfamNTiPolojkjsm/wsQejmtfzpDjrurfzSXI6UXGNnoHEa6FT/zj4\ndTe+XrpBVB6LAoIBAGY4ilz6v6TOSvSwScaAlyWaUX/dzjGX6mALxS8ZYo3Ky/s1\nvAzrofPYzYHC+2hWWK/TuwrOMRJfP6vwLTl73vybADhdrkk7R2puVqHg+zqx4ymL\nTvZe0tmUw4JzvUeJv4gPLaX/HvJGqxDSS6xit/rOpPkRaluI+hooMpPqq0AL2y+j\nkmiMLm9x80zcPgLYEq1w7OJIPjbdAYvbmDhrBkzz/v/iW06Z0aTGbgTpulO2KrJE\n51j/mf4ocvDhKgG/MzpmGnikcFnnkXNKCh71LTcOxGdRtNPotAkIcrdMBCPuXgyB\nC3QODSvvxn84+D3v6eDjY2A2hTiUYOkqAvy+qcECggEBAIsNqfcxKs2GLviZt7yJ\nMtUs1MTsyhsac6hI+Oux2GAXzNzPVHtmvAucjDcPcp4Jp8pR1ONjTpp7JjDGqj43\nbF/VpRR/dSUa8XVithdvvjYyXkF1vXAue3vOEfkBq/Jmplaeb4xfG/tPJfLzCzg5\nsI6HxNnkMekW4EIpuQsqY8c6ALY+wMsMRZpb2S7JlhpvbDQSQDp8CHN8w2F6vw5r\nhCrYkl6zY1zSyYhNuGn44HlLkcDI5nw0QbJjJJ7tZk68OKnBA+ywvVJImMzc2irv\nQ58SNMpKxmsvONSWR8p/sr5IiquXXFOmwwypyWorN6OJcvmrKIqUUMonxlakI/kM\nVikCggEAXHjz4+Fg+wnyOIOS67CGus6M8kHaXYYvxal9Ki12WOngqKbs5a+QIg6T\n23fHwnp5LhyCWaq9Q9XaFdpebT09iShlLIRxyW3PKGNBOsqWEA+oMRgRvAo5/KKf\nRoQh+78Zo4zEQBRHTaCbPH6kkODDMbnzic4H4vV1IOHylIjNtTEY+KBqi5IM06Jk\niKX8gEe8j4M+Mb8NW3JtEHYCEvmpevkMhiM+mXfSNb7cNVD0YpBZ45ATMZJnZg9G\nqo7ECCC59Sbl0uJkINpZQjK9jiiXv3niuez3nM021HFOT3xcOSVcC6wmBUwHmr1j\nm32tn1vPsgCEyAXqKeELWWTE2UEhhw==\n-----END PRIVATE KEY-----\n",
            "public_key_fingerprint_md5": "64:2c:98:ef:ff:d9:81:7f:6a:2e:53:f8:46:d1:e7:1e",
            "public_key_fingerprint_sha256": "SHA256:t2R6eaPj1fS2Jm+Puats/Umi85v++OoHCOVJfwfLCto",
            "public_key_openssh": "ssh-rsa AAAAB3NzaC1yc2EAAAADAQABAAACAQDnZfBdNGd9lQRNIRgg8PSXG98M0aCKkHdJx0RW46u3PGMlyc3/U0ixMtee05Dic9McNabeXtjanvPVgfwi+8Fi5vBgnRxBP5tkYAFRa41YJL9sk0YtVSzuiUOvaeaqpMyLGIfT9hWtSzoXoR4ejm8pxR6OAlHBqJVJ8ZQF/fEz3dBjwlZMRORFZQrAV7JM2rr4ovsz03G7ARYDxh6K1WVQaOiisng5mf0d5dcKabBlHrVU9q8ZBqfvWZP0lk3Nk9vKea3mnTM1f+0mdWsA9E8Zvyf+4e0b+hw01o9Ga5R5Q39ALq9spyAXAsmdsyzi5fgjBRdo/QUgx8K8SpPoeiVbdmKSnhTARAtJk9H6kM/37DBiztpr9qgqBaicOQEFQ2QWXUU8subeIJ8gKb29jhlhNOyA1CAxBwrsiMeXJUBAzk2POBlp5j0WnmcLxVCw/6pXdPt+QgMBzqpjSavZI3e7hneo+RNINEpl9Foh7VjqTAwp3b9PYGd23XMRCZCo7qnLI2Vei3kImgReZ9UXjPtOcj5QPETRxG3Gn/5L2nKLh1D7xRKJjtt7AUE6BRqAV0FEMRGfsJXHummxhXF+kyknIAA/6pt5qTMc2lvY1P9g00DmkS9oRRafslpcWIBK/qc2fshd4k5jJvs2EI0fadihu811taQeVMtRCvuUpvW4Gw==\n",
            "public_key_pem": "-----BEGIN PUBLIC KEY-----\nMIICIjANBgkqhkiG9w0BAQEFAAOCAg8AMIICCgKCAgEA52XwXTRnfZUETSEYIPD0\nlxvfDNGgipB3ScdEVuOrtzxjJcnN/1NIsTLXntOQ4nPTHDWm3l7Y2p7z1YH8IvvB\nYubwYJ0cQT+bZGABUWuNWCS/bJNGLVUs7olDr2nmqqTMixiH0/YVrUs6F6EeHo5v\nKcUejgJRwaiVSfGUBf3xM93QY8JWTETkRWUKwFeyTNq6+KL7M9NxuwEWA8YeitVl\nUGjoorJ4OZn9HeXXCmmwZR61VPavGQan71mT9JZNzZPbynmt5p0zNX/tJnVrAPRP\nGb8n/uHtG/ocNNaPRmuUeUN/QC6vbKcgFwLJnbMs4uX4IwUXaP0FIMfCvEqT6Hol\nW3Zikp4UwEQLSZPR+pDP9+wwYs7aa/aoKgWonDkBBUNkFl1FPLLm3iCfICm9vY4Z\nYTTsgNQgMQcK7IjHlyVAQM5NjzgZaeY9Fp5nC8VQsP+qV3T7fkIDAc6qY0mr2SN3\nu4Z3qPkTSDRKZfRaIe1Y6kwMKd2/T2Bndt1zEQmQqO6pyyNlXot5CJoEXmfVF4z7\nTnI+UDxE0cRtxp/+S9pyi4dQ+8USiY7bewFBOgUagFdBRDERn7CVx7ppsYVxfpMp\nJyAAP+qbeakzHNpb2NT/YNNA5pEvaEUWn7JaXFiASv6nNn7IXeJOYyb7NhCNH2nY\nobvNdbWkHlTLUQr7lKb1uBsCAwEAAQ==\n-----END PUBLIC KEY-----\n",
            "rsa_bits": 4096
          },
          "sensitive_attributes": []
        }
      ]
    },
    {
      "module": "module.Network",
      "mode": "managed",
      "type": "aws_default_network_acl",
      "name": "this",
      "provider": "provider[\"registry.terraform.io/hashicorp/aws\"]",
      "instances": [
        {
          "index_key": 0,
          "schema_version": 0,
          "attributes": {
            "arn": "arn:aws:ec2:us-east-1:000000000000:network-acl/acl-16cd0a66",
            "default_network_acl_id": "acl-16cd0a66",
            "egress": [
              {
                "action": "allow",
                "cidr_block": "",
                "from_port": 0,
                "icmp_code": null,
                "icmp_type": null,
                "ipv6_cidr_block": "::/0",
                "protocol": "-1",
                "rule_no": 101,
                "to_port": 0
              },
              {
                "action": "allow",
                "cidr_block": "0.0.0.0/0",
                "from_port": 0,
                "icmp_code": null,
                "icmp_type": null,
                "ipv6_cidr_block": null,
                "protocol": "-1",
                "rule_no": 100,
                "to_port": 0
              }
            ],
            "id": "acl-16cd0a66",
            "ingress": [
              {
                "action": "allow",
                "cidr_block": "",
                "from_port": 0,
                "icmp_code": null,
                "icmp_type": null,
                "ipv6_cidr_block": "::/0",
                "protocol": "-1",
                "rule_no": 101,
                "to_port": 0
              },
              {
                "action": "allow",
                "cidr_block": "0.0.0.0/0",
                "from_port": 0,
                "icmp_code": null,
                "icmp_type": null,
                "ipv6_cidr_block": null,
                "protocol": "-1",
                "rule_no": 100,
                "to_port": 0
              }
            ],
            "owner_id": "000000000000",
            "subnet_ids": [
              "subnet-1dcba69b",
              "subnet-2cb3c01b",
              "subnet-52daf039",
              "subnet-aebbc5d9",
              "subnet-dda14a52",
              "subnet-ebdce840"
            ],
            "tags": {
              "Environment": "myapp",
              "Name": "network-default",
              "Terraform": "true"
            },
            "tags_all": {
              "Environment": "myapp",
              "Name": "network-default",
              "Terraform": "true"
            },
            "vpc_id": "vpc-34c4df6f"
          },
          "sensitive_attributes": [],
          "private": "bnVsbA==",
          "dependencies": [
            "module.Network.aws_vpc.this"
          ]
        }
      ]
    },
    {
      "module": "module.Network",
      "mode": "managed",
      "type": "aws_default_route_table",
      "name": "default",
      "provider": "provider[\"registry.terraform.io/hashicorp/aws\"]",
      "instances": [
        {
          "index_key": 0,
          "schema_version": 0,
          "attributes": {
            "arn": "arn:aws:ec2:us-east-1:000000000000:route-table/rtb-456ccf3d",
            "default_route_table_id": "rtb-456ccf3d",
            "id": "rtb-456ccf3d",
            "owner_id": "000000000000",
            "propagating_vgws": [],
            "route": [],
            "tags": {
              "Environment": "myapp",
              "Name": "network-default",
              "Terraform": "true"
            },
            "tags_all": {
              "Environment": "myapp",
              "Name": "network-default",
              "Terraform": "true"
            },
            "timeouts": {
              "create": "5m",
              "update": "5m"
            },
            "vpc_id": "vpc-34c4df6f"
          },
          "sensitive_attributes": [],
          "private": "eyJlMmJmYjczMC1lY2FhLTExZTYtOGY4OC0zNDM2M2JjN2M0YzAiOnsiY3JlYXRlIjozMDAwMDAwMDAwMDAsInVwZGF0ZSI6MzAwMDAwMDAwMDAwfX0=",
          "dependencies": [
            "module.Network.aws_vpc.this"
          ]
        }
      ]
    },
    {
      "module": "module.Network",
      "mode": "managed",
      "type": "aws_default_security_group",
      "name": "this",
      "provider": "provider[\"registry.terraform.io/hashicorp/aws\"]",
      "instances": [
        {
          "index_key": 0,
          "schema_version": 1,
          "attributes": {
            "arn": "arn:aws:ec2:us-east-1:000000000000:security-group/sg-34165df6d5279c02f",
            "description": "default VPC security group",
            "egress": [],
            "id": "sg-34165df6d5279c02f",
            "ingress": [],
            "name": "default",
            "name_prefix": "",
            "owner_id": "000000000000",
            "revoke_rules_on_delete": false,
            "tags": {
              "Environment": "myapp",
              "Name": "network-default",
              "Terraform": "true"
            },
            "tags_all": {
              "Environment": "myapp",
              "Name": "network-default",
              "Terraform": "true"
            },
            "vpc_id": "vpc-34c4df6f"
          },
          "sensitive_attributes": [],
          "private": "eyJzY2hlbWFfdmVyc2lvbiI6IjEifQ==",
          "dependencies": [
            "module.Network.aws_vpc.this"
          ]
        }
      ]
    },
    {
      "module": "module.Network",
      "mode": "managed",
      "type": "aws_eip",
      "name": "nat",
      "provider": "provider[\"registry.terraform.io/hashicorp/aws\"]",
      "instances": [
        {
          "index_key": 0,
          "schema_version": 0,
          "attributes": {
            "address": null,
            "allocation_id": "eipalloc-9cff62fd",
            "associate_with_private_ip": null,
            "association_id": "eipassoc-0d170151",
            "carrier_ip": "",
            "customer_owned_ip": "",
            "customer_owned_ipv4_pool": "",
            "domain": "vpc",
            "id": "eipalloc-9cff62fd",
            "instance": "",
            "network_border_group": "",
            "network_interface": "eni-d41aba1b",
            "private_dns": "ip-10-41-153-122.ec2.internal",
            "private_ip": "10.41.153.122",
            "public_dns": "ec2-127-35-94-33.compute-1.amazonaws.com",
            "public_ip": "127.35.94.33",
            "public_ipv4_pool": "",
            "tags": {
              "Environment": "myapp",
              "Name": "network-us-east-1a",
              "Terraform": "true"
            },
            "tags_all": {
              "Environment": "myapp",
              "Name": "network-us-east-1a",
              "Terraform": "true"
            },
            "timeouts": null,
            "vpc": true
          },
          "sensitive_attributes": [],
          "private": "eyJlMmJmYjczMC1lY2FhLTExZTYtOGY4OC0zNDM2M2JjN2M0YzAiOnsiZGVsZXRlIjoxODAwMDAwMDAwMDAsInJlYWQiOjkwMDAwMDAwMDAwMCwidXBkYXRlIjozMDAwMDAwMDAwMDB9fQ==",
          "dependencies": [
            "data.aws_availability_zones.available",
            "module.Network.aws_internet_gateway.this",
            "module.Network.aws_vpc.this",
            "module.Network.aws_vpc_ipv4_cidr_block_association.this"
          ]
        }
      ]
    },
    {
      "module": "module.Network",
      "mode": "managed",
      "type": "aws_internet_gateway",
      "name": "this",
      "provider": "provider[\"registry.terraform.io/hashicorp/aws\"]",
      "instances": [
        {
          "index_key": 0,
          "schema_version": 0,
          "attributes": {
            "arn": "arn:aws:ec2:us-east-1:000000000000:internet-gateway/igw-f0669051",
            "id": "igw-f0669051",
            "owner_id": "000000000000",
            "tags": {
              "Environment": "myapp",
              "Name": "network",
              "Terraform": "true"
            },
            "tags_all": {
              "Environment": "myapp",
              "Name": "network",
              "Terraform": "true"
            },
            "timeouts": null,
            "vpc_id": "vpc-34c4df6f"
          },
          "sensitive_attributes": [],
          "private": "eyJlMmJmYjczMC1lY2FhLTExZTYtOGY4OC0zNDM2M2JjN2M0YzAiOnsiY3JlYXRlIjoxMjAwMDAwMDAwMDAwLCJkZWxldGUiOjEyMDAwMDAwMDAwMDAsInVwZGF0ZSI6MTIwMDAwMDAwMDAwMH19",
          "dependencies": [
            "module.Network.aws_vpc.this",
            "module.Network.aws_vpc_ipv4_cidr_block_association.this"
          ]
        }
      ]
    },
    {
      "module": "module.Network",
      "mode": "managed",
      "type": "aws_nat_gateway",
      "name": "this",
      "provider": "provider[\"registry.terraform.io/hashicorp/aws\"]",
      "instances": [
        {
          "index_key": 0,
          "schema_version": 0,
          "attributes": {
            "allocation_id": "eipalloc-9cff62fd",
            "association_id": "eipassoc-0d170151",
            "connectivity_type": "public",
            "id": "nat-644a61b8a57550a04",
            "network_interface_id": "eni-d41aba1b",
            "private_ip": "10.41.153.122",
            "public_ip": "127.35.94.33",
            "secondary_allocation_ids": [],
            "secondary_private_ip_address_count": 0,
            "secondary_private_ip_addresses": [],
            "subnet_id": "subnet-dda14a52",
            "tags": {
              "Environment": "myapp",
              "Name": "network-us-east-1a",
              "Terraform": "true"
            },
            "tags_all": {
              "Environment": "myapp",
              "Name": "network-us-east-1a",
              "Terraform": "true"
            },
            "timeouts": null
          },
          "sensitive_attributes": [],
          "private": "eyJlMmJmYjczMC1lY2FhLTExZTYtOGY4OC0zNDM2M2JjN2M0YzAiOnsiY3JlYXRlIjo2MDAwMDAwMDAwMDAsImRlbGV0ZSI6MTgwMDAwMDAwMDAwMCwidXBkYXRlIjo2MDAwMDAwMDAwMDB9fQ==",
          "dependencies": [
            "data.aws_availability_zones.available",
            "module.Network.aws_eip.nat",
            "module.Network.aws_internet_gateway.this",
            "module.Network.aws_subnet.public",
            "module.Network.aws_vpc.this",
            "module.Network.aws_vpc_ipv4_cidr_block_association.this"
          ]
        }
      ]
    },
    {
      "module": "module.Network",
      "mode": "managed",
      "type": "aws_route",
      "name": "private_nat_gateway",
      "provider": "provider[\"registry.terraform.io/hashicorp/aws\"]",
      "instances": [
        {
          "index_key": 0,
          "schema_version": 0,
          "attributes": {
            "carrier_gateway_id": "",
            "core_network_arn": "",
            "destination_cidr_block": "0.0.0.0/0",
            "destination_ipv6_cidr_block": "",
            "destination_prefix_list_id": "",
            "egress_only_gateway_id": "",
            "gateway_id": "",
            "id": "r-rtb-71c2d5211080289494",
            "instance_id": "",
            "instance_owner_id": "",
            "local_gateway_id": "",
            "nat_gateway_id": "nat-644a61b8a57550a04",
            "network_interface_id": "",
            "origin": "CreateRoute",
            "route_table_id": "rtb-71c2d521",
            "state": "active",
            "timeouts": {
              "create": "5m",
              "delete": null,
              "update": null
            },
            "transit_gateway_id": "",
            "vpc_endpoint_id": "",
            "vpc_peering_connection_id": ""
          },
          "sensitive_attributes": [],
          "private": "eyJlMmJmYjczMC1lY2FhLTExZTYtOGY4OC0zNDM2M2JjN2M0YzAiOnsiY3JlYXRlIjozMDAwMDAwMDAwMDAsImRlbGV0ZSI6MzAwMDAwMDAwMDAwLCJ1cGRhdGUiOjEyMDAwMDAwMDAwMH19",
          "dependencies": [
            "data.aws_availability_zones.available",
            "module.Network.aws_eip.nat",
            "module.Network.aws_internet_gateway.this",
            "module.Network.aws_nat_gateway.this",
            "module.Network.aws_route_table.private",
            "module.Network.aws_subnet.public",
            "module.Network.aws_vpc.this",
            "module.Network.aws_vpc_ipv4_cidr_block_association.this"
          ]
        }
      ]
    },
    {
      "module": "module.Network",
      "mode": "managed",
      "type": "aws_route",
      "name": "public_internet_gateway",
      "provider": "provider[\"registry.terraform.io/hashicorp/aws\"]",
      "instances": [
        {
          "index_key": 0,
          "schema_version": 0,
          "attributes": {
            "carrier_gateway_id": "",
            "core_network_arn": "",
            "destination_cidr_block": "0.0.0.0/0",
            "destination_ipv6_cidr_block": "",
            "destination_prefix_list_id": "",
            "egress_only_gateway_id": "",
            "gateway_id": "igw-f0669051",
            "id": "r-rtb-b237ddea1080289494",
            "instance_id": "",
            "instance_owner_id": "",
            "local_gateway_id": "",
            "nat_gateway_id": "",
            "network_interface_id": "",
            "origin": "CreateRoute",
            "route_table_id": "rtb-b237ddea",
            "state": "active",
            "timeouts": {
              "create": "5m",
              "delete": null,
              "update": null
            },
            "transit_gateway_id": "",
            "vpc_endpoint_id": "",
            "vpc_peering_connection_id": ""
          },
          "sensitive_attributes": [],
          "private": "eyJlMmJmYjczMC1lY2FhLTExZTYtOGY4OC0zNDM2M2JjN2M0YzAiOnsiY3JlYXRlIjozMDAwMDAwMDAwMDAsImRlbGV0ZSI6MzAwMDAwMDAwMDAwLCJ1cGRhdGUiOjEyMDAwMDAwMDAwMH19",
          "dependencies": [
            "module.Network.aws_internet_gateway.this",
            "module.Network.aws_route_table.public",
            "module.Network.aws_vpc.this",
            "module.Network.aws_vpc_ipv4_cidr_block_association.this"
          ]
        }
      ]
    },
    {
      "module": "module.Network",
      "mode": "managed",
      "type": "aws_route_table",
      "name": "private",
      "provider": "provider[\"registry.terraform.io/hashicorp/aws\"]",
      "instances": [
        {
          "index_key": 0,
          "schema_version": 0,
          "attributes": {
            "arn": "arn:aws:ec2:us-east-1:000000000000:route-table/rtb-71c2d521",
            "id": "rtb-71c2d521",
            "owner_id": "000000000000",
            "propagating_vgws": [],
            "route": [
              {
                "carrier_gateway_id": "",
                "cidr_block": "0.0.0.0/0",
                "core_network_arn": "",
                "destination_prefix_list_id": "",
                "egress_only_gateway_id": "",
                "gateway_id": "",
                "ipv6_cidr_block": "",
                "local_gateway_id": "",
                "nat_gateway_id": "nat-644a61b8a57550a04",
                "network_interface_id": "",
                "transit_gateway_id": "",
                "vpc_endpoint_id": "",
                "vpc_peering_connection_id": ""
              }
            ],
            "tags": {
              "Environment": "myapp",
              "Name": "network-private",
              "Terraform": "true"
            },
            "tags_all": {
              "Environment": "myapp",
              "Name": "network-private",
              "Terraform": "true"
            },
            "timeouts": null,
            "vpc_id": "vpc-34c4df6f"
          },
          "sensitive_attributes": [],
          "private": "eyJlMmJmYjczMC1lY2FhLTExZTYtOGY4OC0zNDM2M2JjN2M0YzAiOnsiY3JlYXRlIjozMDAwMDAwMDAwMDAsImRlbGV0ZSI6MzAwMDAwMDAwMDAwLCJ1cGRhdGUiOjEyMDAwMDAwMDAwMH19",
          "dependencies": [
            "data.aws_availability_zones.available",
            "module.Network.aws_vpc.this",
            "module.Network.aws_vpc_ipv4_cidr_block_association.this"
          ]
        }
      ]
    },
    {
      "module": "module.Network",
      "mode": "managed",
      "type": "aws_route_table",
      "name": "public",
      "provider": "provider[\"registry.terraform.io/hashicorp/aws\"]",
      "instances": [
        {
          "index_key": 0,
          "schema_version": 0,
          "attributes": {
            "arn": "arn:aws:ec2:us-east-1:000000000000:route-table/rtb-b237ddea",
            "id": "rtb-b237ddea",
            "owner_id": "000000000000",
            "propagating_vgws": [],
            "route": [
              {
                "carrier_gateway_id": "",
                "cidr_block": "0.0.0.0/0",
                "core_network_arn": "",
                "destination_prefix_list_id": "",
                "egress_only_gateway_id": "",
                "gateway_id": "igw-f0669051",
                "ipv6_cidr_block": "",
                "local_gateway_id": "",
                "nat_gateway_id": "",
                "network_interface_id": "",
                "transit_gateway_id": "",
                "vpc_endpoint_id": "",
                "vpc_peering_connection_id": ""
              }
            ],
            "tags": {
              "Environment": "myapp",
              "Name": "network-public",
              "Terraform": "true"
            },
            "tags_all": {
              "Environment": "myapp",
              "Name": "network-public",
              "Terraform": "true"
            },
            "timeouts": null,
            "vpc_id": "vpc-34c4df6f"
          },
          "sensitive_attributes": [],
          "private": "eyJlMmJmYjczMC1lY2FhLTExZTYtOGY4OC0zNDM2M2JjN2M0YzAiOnsiY3JlYXRlIjozMDAwMDAwMDAwMDAsImRlbGV0ZSI6MzAwMDAwMDAwMDAwLCJ1cGRhdGUiOjEyMDAwMDAwMDAwMH19",
          "dependencies": [
            "module.Network.aws_vpc.this",
            "module.Network.aws_vpc_ipv4_cidr_block_association.this"
          ]
        }
      ]
    },
    {
      "module": "module.Network",
      "mode": "managed",
      "type": "aws_route_table_association",
      "name": "private",
      "provider": "provider[\"registry.terraform.io/hashicorp/aws\"]",
      "instances": [
        {
          "index_key": 0,
          "schema_version": 0,
          "attributes": {
            "gateway_id": "",
            "id": "rtbassoc-26444f92",
            "route_table_id": "rtb-71c2d521",
            "subnet_id": "subnet-ebdce840",
            "timeouts": null
          },
          "sensitive_attributes": [],
          "private": "eyJlMmJmYjczMC1lY2FhLTExZTYtOGY4OC0zNDM2M2JjN2M0YzAiOnsiY3JlYXRlIjozMDAwMDAwMDAwMDAsImRlbGV0ZSI6MzAwMDAwMDAwMDAwLCJ1cGRhdGUiOjEyMDAwMDAwMDAwMH19",
          "dependencies": [
            "data.aws_availability_zones.available",
            "module.Network.aws_route_table.private",
            "module.Network.aws_subnet.private",
            "module.Network.aws_vpc.this",
            "module.Network.aws_vpc_ipv4_cidr_block_association.this"
          ]
        },
        {
          "index_key": 1,
          "schema_version": 0,
          "attributes": {
            "gateway_id": "",
            "id": "rtbassoc-c2f262ca",
            "route_table_id": "rtb-71c2d521",
            "subnet_id": "subnet-1dcba69b",
            "timeouts": null
          },
          "sensitive_attributes": [],
          "private": "eyJlMmJmYjczMC1lY2FhLTExZTYtOGY4OC0zNDM2M2JjN2M0YzAiOnsiY3JlYXRlIjozMDAwMDAwMDAwMDAsImRlbGV0ZSI6MzAwMDAwMDAwMDAwLCJ1cGRhdGUiOjEyMDAwMDAwMDAwMH19",
          "dependencies": [
            "data.aws_availability_zones.available",
            "module.Network.aws_route_table.private",
            "module.Network.aws_subnet.private",
            "module.Network.aws_vpc.this",
            "module.Network.aws_vpc_ipv4_cidr_block_association.this"
          ]
        },
        {
          "index_key": 2,
          "schema_version": 0,
          "attributes": {
            "gateway_id": "",
            "id": "rtbassoc-c2a4b6ec",
            "route_table_id": "rtb-71c2d521",
            "subnet_id": "subnet-2cb3c01b",
            "timeouts": null
          },
          "sensitive_attributes": [],
          "private": "eyJlMmJmYjczMC1lY2FhLTExZTYtOGY4OC0zNDM2M2JjN2M0YzAiOnsiY3JlYXRlIjozMDAwMDAwMDAwMDAsImRlbGV0ZSI6MzAwMDAwMDAwMDAwLCJ1cGRhdGUiOjEyMDAwMDAwMDAwMH19",
          "dependencies": [
            "data.aws_availability_zones.available",
            "module.Network.aws_route_table.private",
            "module.Network.aws_subnet.private",
            "module.Network.aws_vpc.this",
            "module.Network.aws_vpc_ipv4_cidr_block_association.this"
          ]
        }
      ]
    },
    {
      "module": "module.Network",
      "mode": "managed",
      "type": "aws_route_table_association",
      "name": "public",
      "provider": "provider[\"registry.terraform.io/hashicorp/aws\"]",
      "instances": [
        {
          "index_key": 0,
          "schema_version": 0,
          "attributes": {
            "gateway_id": "",
            "id": "rtbassoc-76ec8f01",
            "route_table_id": "rtb-b237ddea",
            "subnet_id": "subnet-dda14a52",
            "timeouts": null
          },
          "sensitive_attributes": [],
          "private": "eyJlMmJmYjczMC1lY2FhLTExZTYtOGY4OC0zNDM2M2JjN2M0YzAiOnsiY3JlYXRlIjozMDAwMDAwMDAwMDAsImRlbGV0ZSI6MzAwMDAwMDAwMDAwLCJ1cGRhdGUiOjEyMDAwMDAwMDAwMH19",
          "dependencies": [
            "data.aws_availability_zones.available",
            "module.Network.aws_route_table.public",
            "module.Network.aws_subnet.public",
            "module.Network.aws_vpc.this",
            "module.Network.aws_vpc_ipv4_cidr_block_association.this"
          ]
        },
        {
          "index_key": 1,
          "schema_version": 0,
          "attributes": {
            "gateway_id": "",
            "id": "rtbassoc-31c84e71",
            "route_table_id": "rtb-b237ddea",
            "subnet_id": "subnet-aebbc5d9",
            "timeouts": null
          },
          "sensitive_attributes": [],
          "private": "eyJlMmJmYjczMC1lY2FhLTExZTYtOGY4OC0zNDM2M2JjN2M0YzAiOnsiY3JlYXRlIjozMDAwMDAwMDAwMDAsImRlbGV0ZSI6MzAwMDAwMDAwMDAwLCJ1cGRhdGUiOjEyMDAwMDAwMDAwMH19",
          "dependencies": [
            "data.aws_availability_zones.available",
            "module.Network.aws_route_table.public",
            "module.Network.aws_subnet.public",
            "module.Network.aws_vpc.this",
            "module.Network.aws_vpc_ipv4_cidr_block_association.this"
          ]
        },
        {
          "index_key": 2,
          "schema_version": 0,
          "attributes": {
            "gateway_id": "",
            "id": "rtbassoc-ee05a177",
            "route_table_id": "rtb-b237ddea",
            "subnet_id": "subnet-52daf039",
            "timeouts": null
          },
          "sensitive_attributes": [],
          "private": "eyJlMmJmYjczMC1lY2FhLTExZTYtOGY4OC0zNDM2M2JjN2M0YzAiOnsiY3JlYXRlIjozMDAwMDAwMDAwMDAsImRlbGV0ZSI6MzAwMDAwMDAwMDAwLCJ1cGRhdGUiOjEyMDAwMDAwMDAwMH19",
          "dependencies": [
            "data.aws_availability_zones.available",
            "module.Network.aws_route_table.public",
            "module.Network.aws_subnet.public",
            "module.Network.aws_vpc.this",
            "module.Network.aws_vpc_ipv4_cidr_block_association.this"
          ]
        }
      ]
    },
    {
      "module": "module.Network",
      "mode": "managed",
      "type": "aws_subnet",
      "name": "private",
      "provider": "provider[\"registry.terraform.io/hashicorp/aws\"]",
      "instances": [
        {
          "index_key": 0,
          "schema_version": 1,
          "attributes": {
            "arn": "arn:aws:ec2:us-east-1:000000000000:subnet/subnet-ebdce840",
            "assign_ipv6_address_on_creation": false,
            "availability_zone": "us-east-1a",
            "availability_zone_id": "use1-az6",
            "cidr_block": "10.0.1.0/24",
            "customer_owned_ipv4_pool": "",
            "enable_dns64": false,
            "enable_lni_at_device_index": 0,
            "enable_resource_name_dns_a_record_on_launch": false,
            "enable_resource_name_dns_aaaa_record_on_launch": false,
            "id": "subnet-ebdce840",
            "ipv6_cidr_block": "",
            "ipv6_cidr_block_association_id": "",
            "ipv6_native": false,
            "map_customer_owned_ip_on_launch": false,
            "map_public_ip_on_launch": false,
            "outpost_arn": "",
            "owner_id": "000000000000",
            "private_dns_hostname_type_on_launch": "ip-name",
            "tags": {
              "Environment": "myapp",
              "Name": "network-private-us-east-1a",
              "Terraform": "true"
            },
            "tags_all": {
              "Environment": "myapp",
              "Name": "network-private-us-east-1a",
              "Terraform": "true"
            },
            "timeouts": null,
            "vpc_id": "vpc-34c4df6f"
          },
          "sensitive_attributes": [],
          "private": "eyJlMmJmYjczMC1lY2FhLTExZTYtOGY4OC0zNDM2M2JjN2M0YzAiOnsiY3JlYXRlIjo2MDAwMDAwMDAwMDAsImRlbGV0ZSI6MTIwMDAwMDAwMDAwMH0sInNjaGVtYV92ZXJzaW9uIjoiMSJ9",
          "dependencies": [
            "data.aws_availability_zones.available",
            "module.Network.aws_vpc.this",
            "module.Network.aws_vpc_ipv4_cidr_block_association.this"
          ]
        },
        {
          "index_key": 1,
          "schema_version": 1,
          "attributes": {
            "arn": "arn:aws:ec2:us-east-1:000000000000:subnet/subnet-1dcba69b",
            "assign_ipv6_address_on_creation": false,
            "availability_zone": "us-east-1b",
            "availability_zone_id": "use1-az1",
            "cidr_block": "10.0.2.0/24",
            "customer_owned_ipv4_pool": "",
            "enable_dns64": false,
            "enable_lni_at_device_index": 0,
            "enable_resource_name_dns_a_record_on_launch": false,
            "enable_resource_name_dns_aaaa_record_on_launch": false,
            "id": "subnet-1dcba69b",
            "ipv6_cidr_block": "",
            "ipv6_cidr_block_association_id": "",
            "ipv6_native": false,
            "map_customer_owned_ip_on_launch": false,
            "map_public_ip_on_launch": false,
            "outpost_arn": "",
            "owner_id": "000000000000",
            "private_dns_hostname_type_on_launch": "ip-name",
            "tags": {
              "Environment": "myapp",
              "Name": "network-private-us-east-1b",
              "Terraform": "true"
            },
            "tags_all": {
              "Environment": "myapp",
              "Name": "network-private-us-east-1b",
              "Terraform": "true"
            },
            "timeouts": null,
            "vpc_id": "vpc-34c4df6f"
          },
          "sensitive_attributes": [],
          "private": "eyJlMmJmYjczMC1lY2FhLTExZTYtOGY4OC0zNDM2M2JjN2M0YzAiOnsiY3JlYXRlIjo2MDAwMDAwMDAwMDAsImRlbGV0ZSI6MTIwMDAwMDAwMDAwMH0sInNjaGVtYV92ZXJzaW9uIjoiMSJ9",
          "dependencies": [
            "data.aws_availability_zones.available",
            "module.Network.aws_vpc.this",
            "module.Network.aws_vpc_ipv4_cidr_block_association.this"
          ]
        },
        {
          "index_key": 2,
          "schema_version": 1,
          "attributes": {
            "arn": "arn:aws:ec2:us-east-1:000000000000:subnet/subnet-2cb3c01b",
            "assign_ipv6_address_on_creation": false,
            "availability_zone": "us-east-1c",
            "availability_zone_id": "use1-az2",
            "cidr_block": "10.0.3.0/24",
            "customer_owned_ipv4_pool": "",
            "enable_dns64": false,
            "enable_lni_at_device_index": 0,
            "enable_resource_name_dns_a_record_on_launch": false,
            "enable_resource_name_dns_aaaa_record_on_launch": false,
            "id": "subnet-2cb3c01b",
            "ipv6_cidr_block": "",
            "ipv6_cidr_block_association_id": "",
            "ipv6_native": false,
            "map_customer_owned_ip_on_launch": false,
            "map_public_ip_on_launch": false,
            "outpost_arn": "",
            "owner_id": "000000000000",
            "private_dns_hostname_type_on_launch": "ip-name",
            "tags": {
              "Environment": "myapp",
              "Name": "network-private-us-east-1c",
              "Terraform": "true"
            },
            "tags_all": {
              "Environment": "myapp",
              "Name": "network-private-us-east-1c",
              "Terraform": "true"
            },
            "timeouts": null,
            "vpc_id": "vpc-34c4df6f"
          },
          "sensitive_attributes": [],
          "private": "eyJlMmJmYjczMC1lY2FhLTExZTYtOGY4OC0zNDM2M2JjN2M0YzAiOnsiY3JlYXRlIjo2MDAwMDAwMDAwMDAsImRlbGV0ZSI6MTIwMDAwMDAwMDAwMH0sInNjaGVtYV92ZXJzaW9uIjoiMSJ9",
          "dependencies": [
            "data.aws_availability_zones.available",
            "module.Network.aws_vpc.this",
            "module.Network.aws_vpc_ipv4_cidr_block_association.this"
          ]
        }
      ]
    },
    {
      "module": "module.Network",
      "mode": "managed",
      "type": "aws_subnet",
      "name": "public",
      "provider": "provider[\"registry.terraform.io/hashicorp/aws\"]",
      "instances": [
        {
          "index_key": 0,
          "schema_version": 1,
          "attributes": {
            "arn": "arn:aws:ec2:us-east-1:000000000000:subnet/subnet-dda14a52",
            "assign_ipv6_address_on_creation": false,
            "availability_zone": "us-east-1a",
            "availability_zone_id": "use1-az6",
            "cidr_block": "10.0.101.0/24",
            "customer_owned_ipv4_pool": "",
            "enable_dns64": false,
            "enable_lni_at_device_index": 0,
            "enable_resource_name_dns_a_record_on_launch": false,
            "enable_resource_name_dns_aaaa_record_on_launch": false,
            "id": "subnet-dda14a52",
            "ipv6_cidr_block": "",
            "ipv6_cidr_block_association_id": "",
            "ipv6_native": false,
            "map_customer_owned_ip_on_launch": false,
            "map_public_ip_on_launch": false,
            "outpost_arn": "",
            "owner_id": "000000000000",
            "private_dns_hostname_type_on_launch": "ip-name",
            "tags": {
              "Environment": "myapp",
              "Name": "network-public-us-east-1a",
              "Terraform": "true"
            },
            "tags_all": {
              "Environment": "myapp",
              "Name": "network-public-us-east-1a",
              "Terraform": "true"
            },
            "timeouts": null,
            "vpc_id": "vpc-34c4df6f"
          },
          "sensitive_attributes": [],
          "private": "eyJlMmJmYjczMC1lY2FhLTExZTYtOGY4OC0zNDM2M2JjN2M0YzAiOnsiY3JlYXRlIjo2MDAwMDAwMDAwMDAsImRlbGV0ZSI6MTIwMDAwMDAwMDAwMH0sInNjaGVtYV92ZXJzaW9uIjoiMSJ9",
          "dependencies": [
            "data.aws_availability_zones.available",
            "module.Network.aws_vpc.this",
            "module.Network.aws_vpc_ipv4_cidr_block_association.this"
          ]
        },
        {
          "index_key": 1,
          "schema_version": 1,
          "attributes": {
            "arn": "arn:aws:ec2:us-east-1:000000000000:subnet/subnet-aebbc5d9",
            "assign_ipv6_address_on_creation": false,
            "availability_zone": "us-east-1b",
            "availability_zone_id": "use1-az1",
            "cidr_block": "10.0.102.0/24",
            "customer_owned_ipv4_pool": "",
            "enable_dns64": false,
            "enable_lni_at_device_index": 0,
            "enable_resource_name_dns_a_record_on_launch": false,
            "enable_resource_name_dns_aaaa_record_on_launch": false,
            "id": "subnet-aebbc5d9",
            "ipv6_cidr_block": "",
            "ipv6_cidr_block_association_id": "",
            "ipv6_native": false,
            "map_customer_owned_ip_on_launch": false,
            "map_public_ip_on_launch": false,
            "outpost_arn": "",
            "owner_id": "000000000000",
            "private_dns_hostname_type_on_launch": "ip-name",
            "tags": {
              "Environment": "myapp",
              "Name": "network-public-us-east-1b",
              "Terraform": "true"
            },
            "tags_all": {
              "Environment": "myapp",
              "Name": "network-public-us-east-1b",
              "Terraform": "true"
            },
            "timeouts": null,
            "vpc_id": "vpc-34c4df6f"
          },
          "sensitive_attributes": [],
          "private": "eyJlMmJmYjczMC1lY2FhLTExZTYtOGY4OC0zNDM2M2JjN2M0YzAiOnsiY3JlYXRlIjo2MDAwMDAwMDAwMDAsImRlbGV0ZSI6MTIwMDAwMDAwMDAwMH0sInNjaGVtYV92ZXJzaW9uIjoiMSJ9",
          "dependencies": [
            "data.aws_availability_zones.available",
            "module.Network.aws_vpc.this",
            "module.Network.aws_vpc_ipv4_cidr_block_association.this"
          ]
        },
        {
          "index_key": 2,
          "schema_version": 1,
          "attributes": {
            "arn": "arn:aws:ec2:us-east-1:000000000000:subnet/subnet-52daf039",
            "assign_ipv6_address_on_creation": false,
            "availability_zone": "us-east-1c",
            "availability_zone_id": "use1-az2",
            "cidr_block": "10.0.103.0/24",
            "customer_owned_ipv4_pool": "",
            "enable_dns64": false,
            "enable_lni_at_device_index": 0,
            "enable_resource_name_dns_a_record_on_launch": false,
            "enable_resource_name_dns_aaaa_record_on_launch": false,
            "id": "subnet-52daf039",
            "ipv6_cidr_block": "",
            "ipv6_cidr_block_association_id": "",
            "ipv6_native": false,
            "map_customer_owned_ip_on_launch": false,
            "map_public_ip_on_launch": false,
            "outpost_arn": "",
            "owner_id": "000000000000",
            "private_dns_hostname_type_on_launch": "ip-name",
            "tags": {
              "Environment": "myapp",
              "Name": "network-public-us-east-1c",
              "Terraform": "true"
            },
            "tags_all": {
              "Environment": "myapp",
              "Name": "network-public-us-east-1c",
              "Terraform": "true"
            },
            "timeouts": null,
            "vpc_id": "vpc-34c4df6f"
          },
          "sensitive_attributes": [],
          "private": "eyJlMmJmYjczMC1lY2FhLTExZTYtOGY4OC0zNDM2M2JjN2M0YzAiOnsiY3JlYXRlIjo2MDAwMDAwMDAwMDAsImRlbGV0ZSI6MTIwMDAwMDAwMDAwMH0sInNjaGVtYV92ZXJzaW9uIjoiMSJ9",
          "dependencies": [
            "data.aws_availability_zones.available",
            "module.Network.aws_vpc.this",
            "module.Network.aws_vpc_ipv4_cidr_block_association.this"
          ]
        }
      ]
    },
    {
      "module": "module.Network",
      "mode": "managed",
      "type": "aws_vpc",
      "name": "this",
      "provider": "provider[\"registry.terraform.io/hashicorp/aws\"]",
      "instances": [
        {
          "index_key": 0,
          "schema_version": 1,
          "attributes": {
            "arn": "arn:aws:ec2:us-east-1:000000000000:vpc/vpc-34c4df6f",
            "assign_generated_ipv6_cidr_block": false,
            "cidr_block": "10.0.0.0/16",
            "default_network_acl_id": "acl-16cd0a66",
            "default_route_table_id": "rtb-456ccf3d",
            "default_security_group_id": "sg-34165df6d5279c02f",
            "dhcp_options_id": "dopt-7a8b9c2d",
            "enable_dns_hostnames": true,
            "enable_dns_support": true,
            "enable_network_address_usage_metrics": false,
            "id": "vpc-34c4df6f",
            "instance_tenancy": "default",
            "ipv4_ipam_pool_id": null,
            "ipv4_netmask_length": null,
            "ipv6_association_id": "",
            "ipv6_cidr_block": "",
            "ipv6_cidr_block_network_border_group": "",
            "ipv6_ipam_pool_id": "",
            "ipv6_netmask_length": 0,
            "main_route_table_id": "rtb-456ccf3d",
            "owner_id": "000000000000",
            "tags": {
              "Environment": "myapp",
              "Name": "network",
              "Terraform": "true"
            },
            "tags_all": {
              "Environment": "myapp",
              "Name": "network",
              "Terraform": "true"
            }
          },
          "sensitive_attributes": [],
          "private": "eyJzY2hlbWFfdmVyc2lvbiI6IjEifQ=="
        }
      ]
    }
  ]
}
